
Microsoft Visual Studio Solution File, Format Version 11.00
# Visual Studio Version 17

Project("{8BC9CEB8-8B4A-11D0-8D11-00A0C91BC942}") = "aalto_conv_rev - Standalone Plugin", "aalto_conv_rev_StandalonePlugin.vcxproj", "{24BEA164-09E2-7ED2-6666-9EA1545A0447}"
	ProjectSection(ProjectDependencies) = postProject
		{9DE9F2DA-DB97-AC66-01A0-42C618FC5ADA} = {9DE9F2DA-DB97-AC66-01A0-42C618FC5ADA}
	EndProjectSection
EndProject
Project("{8BC9CEB8-8B4A-11D0-8D11-00A0C91BC942}") = "aalto_conv_rev - VST3", "aalto_conv_rev_VST3.vcxproj", "{085B5D02-10C2-E3DC-8D58-AAFE7CD18364}"
	ProjectSection(ProjectDependencies) = postProject
		{9DE9F2DA-DB97-AC66-01A0-42C618FC5ADA} = {9DE9F2DA-DB97-AC66-01A0-42C618FC5ADA}
		{913CC77B-6533-AC0B-2DD6-85704525510C} = {913CC77B-6533-AC0B-2DD6-85704525510C}
	EndProjectSection
EndProject
Project("{8BC9CEB8-8B4A-11D0-8D11-00A0C91BC942}") = "aalto_conv_rev - Shared Code", "aalto_conv_rev_SharedCode.vcxproj", "{9DE9F2DA-DB97-AC66-01A0-42C618FC5ADA}"
EndProject
Project("{8BC9CEB8-8B4A-11D0-8D11-00A0C91BC942}") = "aalto_conv_rev - VST3 Manifest Helper", "aalto_conv_rev_VST3ManifestHelper.vcxproj", "{913CC77B-6533-AC0B-2DD6-85704525510C}"
EndProject
Global
	GlobalSection(SolutionConfigurationPlatforms) = preSolution
		Debug|x64 = Debug|x64
		Release|x64 = Release|x64
	EndGlobalSection
	GlobalSection(ProjectConfigurationPlatforms) = postSolution
		{085B5D02-10C2-E3DC-8D58-AAFE7CD18364}.Debug|x64.ActiveCfg = Debug|x64
		{085B5D02-10C2-E3DC-8D58-AAFE7CD18364}.Debug|x64.Build.0 = Debug|x64
		{085B5D02-10C2-E3DC-8D58-AAFE7CD18364}.Release|x64.ActiveCfg = Release|x64
		{085B5D02-10C2-E3DC-8D58-AAFE7CD18364}.Release|x64.Build.0 = Release|x64
		{24BEA164-09E2-7ED2-6666-9EA1545A0447}.Debug|x64.ActiveCfg = Debug|x64
		{24BEA164-09E2-7ED2-6666-9EA1545A0447}.Debug|x64.Build.0 = Debug|x64
		{24BEA164-09E2-7ED2-6666-9EA1545A0447}.Release|x64.ActiveCfg = Release|x64
		{24BEA164-09E2-7ED2-6666-9EA1545A0447}.Release|x64.Build.0 = Release|x64
		{9DE9F2DA-DB97-AC66-01A0-42C618FC5ADA}.Debug|x64.ActiveCfg = Debug|x64
		{9DE9F2DA-DB97-AC66-01A0-42C618FC5ADA}.Debug|x64.Build.0 = Debug|x64
		{9DE9F2DA-DB97-AC66-01A0-42C618FC5ADA}.Release|x64.ActiveCfg = Release|x64
		{9DE9F2DA-DB97-AC66-01A0-42C618FC5ADA}.Release|x64.Build.0 = Release|x64
		{913CC77B-6533-AC0B-2DD6-85704525510C}.Debug|x64.ActiveCfg = Debug|x64
		{913CC77B-6533-AC0B-2DD6-85704525510C}.Debug|x64.Build.0 = Debug|x64
		{913CC77B-6533-AC0B-2DD6-85704525510C}.Release|x64.ActiveCfg = Release|x64
		{913CC77B-6533-AC0B-2DD6-85704525510C}.Release|x64.Build.0 = Release|x64
	EndGlobalSection
	GlobalSection(SolutionProperties) = preSolution
		HideSolutionNode = FALSE
	EndGlobalSection
EndGlobal
